// !$*UTF8*$!
{
	archiveVersion = 1;
	classes = {
	};
	objectVersion = 56;
	objects = {

/* Begin PBXBuildFile section */
		0CD5D32B2CC25CD200172654 /* AppDelegate.swift in Sources */ = {isa = PBXBuildFile; fileRef = 0CD5D32A2CC25CD200172654 /* AppDelegate.swift */; };
		0CD5D32D2CC25CD200172654 /* SceneDelegate.swift in Sources */ = {isa = PBXBuildFile; fileRef = 0CD5D32C2CC25CD200172654 /* SceneDelegate.swift */; };
		0CD5D32F2CC25CD200172654 /* HomeViewController.swift in Sources */ = {isa = PBXBuildFile; fileRef = 0CD5D32E2CC25CD200172654 /* HomeViewController.swift */; };
		0CD5D3342CC25CD300172654 /* Assets.xcassets in Resources */ = {isa = PBXBuildFile; fileRef = 0CD5D3332CC25CD300172654 /* Assets.xcassets */; };
		0CD5D3372CC25CD300172654 /* Base in Resources */ = {isa = PBXBuildFile; fileRef = 0CD5D3362CC25CD300172654 /* Base */; };
		0CD5D3472CC2736200172654 /* HTTPMethod.swift in Sources */ = {isa = PBXBuildFile; fileRef = 0CD5D3462CC2736200172654 /* HTTPMethod.swift */; };
		0CD5D3492CC2736C00172654 /* NetworkError.swift in Sources */ = {isa = PBXBuildFile; fileRef = 0CD5D3482CC2736C00172654 /* NetworkError.swift */; };
		0CD5D34B2CC2737300172654 /* Endpoint.swift in Sources */ = {isa = PBXBuildFile; fileRef = 0CD5D34A2CC2737300172654 /* Endpoint.swift */; };
		0CD5D34D2CC2737A00172654 /* NewsAPIEndpoint.swift in Sources */ = {isa = PBXBuildFile; fileRef = 0CD5D34C2CC2737A00172654 /* NewsAPIEndpoint.swift */; };
		0CD5D34F2CC2738300172654 /* NetworkManager.swift in Sources */ = {isa = PBXBuildFile; fileRef = 0CD5D34E2CC2738300172654 /* NetworkManager.swift */; };
		0CD5D3512CC273A900172654 /* NewsResponse.swift in Sources */ = {isa = PBXBuildFile; fileRef = 0CD5D3502CC273A900172654 /* NewsResponse.swift */; };
		0CD5D3532CC2897000172654 /* NetworkConstants.swift in Sources */ = {isa = PBXBuildFile; fileRef = 0CD5D3522CC2897000172654 /* NetworkConstants.swift */; };
		0CD5D3552CC28CB100172654 /* NewsCategory.swift in Sources */ = {isa = PBXBuildFile; fileRef = 0CD5D3542CC28CB100172654 /* NewsCategory.swift */; };
/* End PBXBuildFile section */

/* Begin PBXFileReference section */
		0CD5D3272CC25CD200172654 /* NewsApp.app */ = {isa = PBXFileReference; explicitFileType = wrapper.application; includeInIndex = 0; path = NewsApp.app; sourceTree = BUILT_PRODUCTS_DIR; };
		0CD5D32A2CC25CD200172654 /* AppDelegate.swift */ = {isa = PBXFileReference; lastKnownFileType = sourcecode.swift; path = AppDelegate.swift; sourceTree = "<group>"; };
		0CD5D32C2CC25CD200172654 /* SceneDelegate.swift */ = {isa = PBXFileReference; lastKnownFileType = sourcecode.swift; path = SceneDelegate.swift; sourceTree = "<group>"; };
		0CD5D32E2CC25CD200172654 /* HomeViewController.swift */ = {isa = PBXFileReference; lastKnownFileType = sourcecode.swift; path = HomeViewController.swift; sourceTree = "<group>"; };
		0CD5D3332CC25CD300172654 /* Assets.xcassets */ = {isa = PBXFileReference; lastKnownFileType = folder.assetcatalog; path = Assets.xcassets; sourceTree = "<group>"; };
		0CD5D3362CC25CD300172654 /* Base */ = {isa = PBXFileReference; lastKnownFileType = file.storyboard; name = Base; path = Base.lproj/LaunchScreen.storyboard; sourceTree = "<group>"; };
		0CD5D3382CC25CD300172654 /* Info.plist */ = {isa = PBXFileReference; lastKnownFileType = text.plist.xml; path = Info.plist; sourceTree = "<group>"; };
		0CD5D3462CC2736200172654 /* HTTPMethod.swift */ = {isa = PBXFileReference; lastKnownFileType = sourcecode.swift; path = HTTPMethod.swift; sourceTree = "<group>"; };
		0CD5D3482CC2736C00172654 /* NetworkError.swift */ = {isa = PBXFileReference; lastKnownFileType = sourcecode.swift; path = NetworkError.swift; sourceTree = "<group>"; };
		0CD5D34A2CC2737300172654 /* Endpoint.swift */ = {isa = PBXFileReference; lastKnownFileType = sourcecode.swift; path = Endpoint.swift; sourceTree = "<group>"; };
		0CD5D34C2CC2737A00172654 /* NewsAPIEndpoint.swift */ = {isa = PBXFileReference; lastKnownFileType = sourcecode.swift; path = NewsAPIEndpoint.swift; sourceTree = "<group>"; };
		0CD5D34E2CC2738300172654 /* NetworkManager.swift */ = {isa = PBXFileReference; lastKnownFileType = sourcecode.swift; path = NetworkManager.swift; sourceTree = "<group>"; };
		0CD5D3502CC273A900172654 /* NewsResponse.swift */ = {isa = PBXFileReference; lastKnownFileType = sourcecode.swift; path = NewsResponse.swift; sourceTree = "<group>"; };
		0CD5D3522CC2897000172654 /* NetworkConstants.swift */ = {isa = PBXFileReference; lastKnownFileType = sourcecode.swift; path = NetworkConstants.swift; sourceTree = "<group>"; };
		0CD5D3542CC28CB100172654 /* NewsCategory.swift */ = {isa = PBXFileReference; lastKnownFileType = sourcecode.swift; path = NewsCategory.swift; sourceTree = "<group>"; };
/* End PBXFileReference section */

/* Begin PBXFrameworksBuildPhase section */
		0CD5D3242CC25CD200172654 /* Frameworks */ = {
			isa = PBXFrameworksBuildPhase;
			buildActionMask = 2147483647;
			files = (
			);
			runOnlyForDeploymentPostprocessing = 0;
		};
/* End PBXFrameworksBuildPhase section */

/* Begin PBXGroup section */
		0CD5D31E2CC25CD200172654 = {
			isa = PBXGroup;
			children = (
				0CD5D3292CC25CD200172654 /* NewsApp */,
				0CD5D3282CC25CD200172654 /* Products */,
			);
			sourceTree = "<group>";
		};
		0CD5D3282CC25CD200172654 /* Products */ = {
			isa = PBXGroup;
			children = (
				0CD5D3272CC25CD200172654 /* NewsApp.app */,
			);
			name = Products;
			sourceTree = "<group>";
		};
		0CD5D3292CC25CD200172654 /* NewsApp */ = {
			isa = PBXGroup;
			children = (
				0CD5D3432CC2725700172654 /* DataProvider */,
				0CD5D33E2CC25CF000172654 /* App */,
				0CD5D33F2CC25CF900172654 /* Resources */,
				0CD5D3422CC26D4D00172654 /* Scenes */,
			);
			path = NewsApp;
			sourceTree = "<group>";
		};
		0CD5D33E2CC25CF000172654 /* App */ = {
			isa = PBXGroup;
			children = (
				0CD5D32A2CC25CD200172654 /* AppDelegate.swift */,
				0CD5D32C2CC25CD200172654 /* SceneDelegate.swift */,
			);
			path = App;
			sourceTree = "<group>";
		};
		0CD5D33F2CC25CF900172654 /* Resources */ = {
			isa = PBXGroup;
			children = (
				0CD5D3332CC25CD300172654 /* Assets.xcassets */,
				0CD5D3382CC25CD300172654 /* Info.plist */,
				0CD5D3352CC25CD300172654 /* LaunchScreen.storyboard */,
			);
			path = Resources;
			sourceTree = "<group>";
		};
		0CD5D3422CC26D4D00172654 /* Scenes */ = {
			isa = PBXGroup;
			children = (
				0CD5D32E2CC25CD200172654 /* HomeViewController.swift */,
			);
			path = Scenes;
			sourceTree = "<group>";
		};
		0CD5D3432CC2725700172654 /* DataProvider */ = {
			isa = PBXGroup;
			children = (
				0CD5D3442CC2725F00172654 /* Models */,
				0CD5D3452CC2731200172654 /* Network */,
			);
			path = DataProvider;
			sourceTree = "<group>";
		};
		0CD5D3442CC2725F00172654 /* Models */ = {
			isa = PBXGroup;
			children = (
				0CD5D3502CC273A900172654 /* NewsResponse.swift */,
				0CD5D3542CC28CB100172654 /* NewsCategory.swift */,
			);
			path = Models;
			sourceTree = "<group>";
		};
		0CD5D3452CC2731200172654 /* Network */ = {
			isa = PBXGroup;
			children = (
				0CD5D3522CC2897000172654 /* NetworkConstants.swift */,
				0CD5D3462CC2736200172654 /* HTTPMethod.swift */,
				0CD5D3482CC2736C00172654 /* NetworkError.swift */,
				0CD5D34A2CC2737300172654 /* Endpoint.swift */,
				0CD5D34C2CC2737A00172654 /* NewsAPIEndpoint.swift */,
				0CD5D34E2CC2738300172654 /* NetworkManager.swift */,
			);
			path = Network;
			sourceTree = "<group>";
		};
/* End PBXGroup section */

/* Begin PBXNativeTarget section */
		0CD5D3262CC25CD200172654 /* NewsApp */ = {
			isa = PBXNativeTarget;
			buildConfigurationList = 0CD5D33B2CC25CD300172654 /* Build configuration list for PBXNativeTarget "NewsApp" */;
			buildPhases = (
				0CD5D3232CC25CD200172654 /* Sources */,
				0CD5D3242CC25CD200172654 /* Frameworks */,
				0CD5D3252CC25CD200172654 /* Resources */,
			);
			buildRules = (
			);
			dependencies = (
			);
			name = NewsApp;
			productName = NewsApp;
			productReference = 0CD5D3272CC25CD200172654 /* NewsApp.app */;
			productType = "com.apple.product-type.application";
		};
/* End PBXNativeTarget section */

/* Begin PBXProject section */
		0CD5D31F2CC25CD200172654 /* Project object */ = {
			isa = PBXProject;
			attributes = {
				BuildIndependentTargetsInParallel = 1;
				LastSwiftUpdateCheck = 1540;
				LastUpgradeCheck = 1540;
				TargetAttributes = {
					0CD5D3262CC25CD200172654 = {
						CreatedOnToolsVersion = 15.4;
					};
				};
			};
			buildConfigurationList = 0CD5D3222CC25CD200172654 /* Build configuration list for PBXProject "NewsApp" */;
			compatibilityVersion = "Xcode 14.0";
			developmentRegion = en;
			hasScannedForEncodings = 0;
			knownRegions = (
				en,
				Base,
			);
			mainGroup = 0CD5D31E2CC25CD200172654;
			productRefGroup = 0CD5D3282CC25CD200172654 /* Products */;
			projectDirPath = "";
			projectRoot = "";
			targets = (
				0CD5D3262CC25CD200172654 /* NewsApp */,
			);
		};
/* End PBXProject section */

/* Begin PBXResourcesBuildPhase section */
		0CD5D3252CC25CD200172654 /* Resources */ = {
			isa = PBXResourcesBuildPhase;
			buildActionMask = 2147483647;
			files = (
				0CD5D3342CC25CD300172654 /* Assets.xcassets in Resources */,
				0CD5D3372CC25CD300172654 /* Base in Resources */,
			);
			runOnlyForDeploymentPostprocessing = 0;
		};
/* End PBXResourcesBuildPhase section */

/* Begin PBXSourcesBuildPhase section */
		0CD5D3232CC25CD200172654 /* Sources */ = {
			isa = PBXSourcesBuildPhase;
			buildActionMask = 2147483647;
			files = (
				0CD5D3472CC2736200172654 /* HTTPMethod.swift in Sources */,
				0CD5D3552CC28CB100172654 /* NewsCategory.swift in Sources */,
				0CD5D32F2CC25CD200172654 /* HomeViewController.swift in Sources */,
				0CD5D3532CC2897000172654 /* NetworkConstants.swift in Sources */,
				0CD5D3512CC273A900172654 /* NewsResponse.swift in Sources */,
				0CD5D32B2CC25CD200172654 /* AppDelegate.swift in Sources */,
				0CD5D32D2CC25CD200172654 /* SceneDelegate.swift in Sources */,
				0CD5D34F2CC2738300172654 /* NetworkManager.swift in Sources */,
				0CD5D34B2CC2737300172654 /* Endpoint.swift in Sources */,
				0CD5D34D2CC2737A00172654 /* NewsAPIEndpoint.swift in Sources */,
				0CD5D3492CC2736C00172654 /* NetworkError.swift in Sources */,
			);
			runOnlyForDeploymentPostprocessing = 0;
		};
/* End PBXSourcesBuildPhase section */

/* Begin PBXVariantGroup section */
		0CD5D3352CC25CD300172654 /* LaunchScreen.storyboard */ = {
			isa = PBXVariantGroup;
			children = (
				0CD5D3362CC25CD300172654 /* Base */,
			);
			name = LaunchScreen.storyboard;
			sourceTree = "<group>";
		};
/* End PBXVariantGroup section */

/* Begin XCBuildConfiguration section */
		0CD5D3392CC25CD300172654 /* Debug */ = {
			isa = XCBuildConfiguration;
			buildSettings = {
				ALWAYS_SEARCH_USER_PATHS = NO;
				ASSETCATALOG_COMPILER_GENERATE_SWIFT_ASSET_SYMBOL_EXTENSIONS = YES;
				CLANG_ANALYZER_NONNULL = YES;
				CLANG_ANALYZER_NUMBER_OBJECT_CONVERSION = YES_AGGRESSIVE;
				CLANG_CXX_LANGUAGE_STANDARD = "gnu++20";
				CLANG_ENABLE_MODULES = YES;
				CLANG_ENABLE_OBJC_ARC = YES;
				CLANG_ENABLE_OBJC_WEAK = YES;
				CLANG_WARN_BLOCK_CAPTURE_AUTORELEASING = YES;
				CLANG_WARN_BOOL_CONVERSION = YES;
				CLANG_WARN_COMMA = YES;
				CLANG_WARN_CONSTANT_CONVERSION = YES;
				CLANG_WARN_DEPRECATED_OBJC_IMPLEMENTATIONS = YES;
				CLANG_WARN_DIRECT_OBJC_ISA_USAGE = YES_ERROR;
				CLANG_WARN_DOCUMENTATION_COMMENTS = YES;
				CLANG_WARN_EMPTY_BODY = YES;
				CLANG_WARN_ENUM_CONVERSION = YES;
				CLANG_WARN_INFINITE_RECURSION = YES;
				CLANG_WARN_INT_CONVERSION = YES;
				CLANG_WARN_NON_LITERAL_NULL_CONVERSION = YES;
				CLANG_WARN_OBJC_IMPLICIT_RETAIN_SELF = YES;
				CLANG_WARN_OBJC_LITERAL_CONVERSION = YES;
				CLANG_WARN_OBJC_ROOT_CLASS = YES_ERROR;
				CLANG_WARN_QUOTED_INCLUDE_IN_FRAMEWORK_HEADER = YES;
				CLANG_WARN_RANGE_LOOP_ANALYSIS = YES;
				CLANG_WARN_STRICT_PROTOTYPES = YES;
				CLANG_WARN_SUSPICIOUS_MOVE = YES;
				CLANG_WARN_UNGUARDED_AVAILABILITY = YES_AGGRESSIVE;
				CLANG_WARN_UNREACHABLE_CODE = YES;
				CLANG_WARN__DUPLICATE_METHOD_MATCH = YES;
				COPY_PHASE_STRIP = NO;
				DEBUG_INFORMATION_FORMAT = dwarf;
				ENABLE_STRICT_OBJC_MSGSEND = YES;
				ENABLE_TESTABILITY = YES;
				ENABLE_USER_SCRIPT_SANDBOXING = YES;
				GCC_C_LANGUAGE_STANDARD = gnu17;
				GCC_DYNAMIC_NO_PIC = NO;
				GCC_NO_COMMON_BLOCKS = YES;
				GCC_OPTIMIZATION_LEVEL = 0;
				GCC_PREPROCESSOR_DEFINITIONS = (
					"DEBUG=1",
					"$(inherited)",
				);
				GCC_WARN_64_TO_32_BIT_CONVERSION = YES;
				GCC_WARN_ABOUT_RETURN_TYPE = YES_ERROR;
				GCC_WARN_UNDECLARED_SELECTOR = YES;
				GCC_WARN_UNINITIALIZED_AUTOS = YES_AGGRESSIVE;
				GCC_WARN_UNUSED_FUNCTION = YES;
				GCC_WARN_UNUSED_VARIABLE = YES;
				IPHONEOS_DEPLOYMENT_TARGET = 17.5;
				LOCALIZATION_PREFERS_STRING_CATALOGS = YES;
				MTL_ENABLE_DEBUG_INFO = INCLUDE_SOURCE;
				MTL_FAST_MATH = YES;
				ONLY_ACTIVE_ARCH = YES;
				SDKROOT = iphoneos;
				SWIFT_ACTIVE_COMPILATION_CONDITIONS = "DEBUG $(inherited)";
				SWIFT_OPTIMIZATION_LEVEL = "-Onone";
			};
			name = Debug;
		};
		0CD5D33A2CC25CD300172654 /* Release */ = {
			isa = XCBuildConfiguration;
			buildSettings = {
				ALWAYS_SEARCH_USER_PATHS = NO;
				ASSETCATALOG_COMPILER_GENERATE_SWIFT_ASSET_SYMBOL_EXTENSIONS = YES;
				CLANG_ANALYZER_NONNULL = YES;
				CLANG_ANALYZER_NUMBER_OBJECT_CONVERSION = YES_AGGRESSIVE;
				CLANG_CXX_LANGUAGE_STANDARD = "gnu++20";
				CLANG_ENABLE_MODULES = YES;
				CLANG_ENABLE_OBJC_ARC = YES;
				CLANG_ENABLE_OBJC_WEAK = YES;
				CLANG_WARN_BLOCK_CAPTURE_AUTORELEASING = YES;
				CLANG_WARN_BOOL_CONVERSION = YES;
				CLANG_WARN_COMMA = YES;
				CLANG_WARN_CONSTANT_CONVERSION = YES;
				CLANG_WARN_DEPRECATED_OBJC_IMPLEMENTATIONS = YES;
				CLANG_WARN_DIRECT_OBJC_ISA_USAGE = YES_ERROR;
				CLANG_WARN_DOCUMENTATION_COMMENTS = YES;
				CLANG_WARN_EMPTY_BODY = YES;
				CLANG_WARN_ENUM_CONVERSION = YES;
				CLANG_WARN_INFINITE_RECURSION = YES;
				CLANG_WARN_INT_CONVERSION = YES;
				CLANG_WARN_NON_LITERAL_NULL_CONVERSION = YES;
				CLANG_WARN_OBJC_IMPLICIT_RETAIN_SELF = YES;
				CLANG_WARN_OBJC_LITERAL_CONVERSION = YES;
				CLANG_WARN_OBJC_ROOT_CLASS = YES_ERROR;
				CLANG_WARN_QUOTED_INCLUDE_IN_FRAMEWORK_HEADER = YES;
				CLANG_WARN_RANGE_LOOP_ANALYSIS = YES;
				CLANG_WARN_STRICT_PROTOTYPES = YES;
				CLANG_WARN_SUSPICIOUS_MOVE = YES;
				CLANG_WARN_UNGUARDED_AVAILABILITY = YES_AGGRESSIVE;
				CLANG_WARN_UNREACHABLE_CODE = YES;
				CLANG_WARN__DUPLICATE_METHOD_MATCH = YES;
				COPY_PHASE_STRIP = NO;
				DEBUG_INFORMATION_FORMAT = "dwarf-with-dsym";
				ENABLE_NS_ASSERTIONS = NO;
				ENABLE_STRICT_OBJC_MSGSEND = YES;
				ENABLE_USER_SCRIPT_SANDBOXING = YES;
				GCC_C_LANGUAGE_STANDARD = gnu17;
				GCC_NO_COMMON_BLOCKS = YES;
				GCC_WARN_64_TO_32_BIT_CONVERSION = YES;
				GCC_WARN_ABOUT_RETURN_TYPE = YES_ERROR;
				GCC_WARN_UNDECLARED_SELECTOR = YES;
				GCC_WARN_UNINITIALIZED_AUTOS = YES_AGGRESSIVE;
				GCC_WARN_UNUSED_FUNCTION = YES;
				GCC_WARN_UNUSED_VARIABLE = YES;
				IPHONEOS_DEPLOYMENT_TARGET = 17.5;
				LOCALIZATION_PREFERS_STRING_CATALOGS = YES;
				MTL_ENABLE_DEBUG_INFO = NO;
				MTL_FAST_MATH = YES;
				SDKROOT = iphoneos;
				SWIFT_COMPILATION_MODE = wholemodule;
				VALIDATE_PRODUCT = YES;
			};
			name = Release;
		};
		0CD5D33C2CC25CD300172654 /* Debug */ = {
			isa = XCBuildConfiguration;
			buildSettings = {
				ASSETCATALOG_COMPILER_APPICON_NAME = AppIcon;
				ASSETCATALOG_COMPILER_GLOBAL_ACCENT_COLOR_NAME = AccentColor;
				CODE_SIGN_STYLE = Automatic;
				CURRENT_PROJECT_VERSION = 1;
				DEVELOPMENT_TEAM = N87XH32BL9;
				GENERATE_INFOPLIST_FILE = YES;
				INFOPLIST_FILE = NewsApp/Resources/Info.plist;
				INFOPLIST_KEY_UIApplicationSupportsIndirectInputEvents = YES;
				INFOPLIST_KEY_UILaunchStoryboardName = LaunchScreen;
				INFOPLIST_KEY_UISupportedInterfaceOrientations_iPad = "UIInterfaceOrientationPortrait UIInterfaceOrientationPortraitUpsideDown UIInterfaceOrientationLandscapeLeft UIInterfaceOrientationLandscapeRight";
				INFOPLIST_KEY_UISupportedInterfaceOrientations_iPhone = "UIInterfaceOrientationPortrait UIInterfaceOrientationLandscapeLeft UIInterfaceOrientationLandscapeRight";
				LD_RUNPATH_SEARCH_PATHS = (
					"$(inherited)",
					"@executable_path/Frameworks",
				);
				MARKETING_VERSION = 1.0;
				PRODUCT_BUNDLE_IDENTIFIER = dev.atakanatalar.NewsApp;
				PRODUCT_NAME = "$(TARGET_NAME)";
				SWIFT_EMIT_LOC_STRINGS = YES;
				SWIFT_VERSION = 5.0;
				TARGETED_DEVICE_FAMILY = "1,2";
			};
			name = Debug;
		};
		0CD5D33D2CC25CD300172654 /* Release */ = {
			isa = XCBuildConfiguration;
			buildSettings = {
				ASSETCATALOG_COMPILER_APPICON_NAME = AppIcon;
				ASSETCATALOG_COMPILER_GLOBAL_ACCENT_COLOR_NAME = AccentColor;
				CODE_SIGN_STYLE = Automatic;
				CURRENT_PROJECT_VERSION = 1;
				DEVELOPMENT_TEAM = N87XH32BL9;
				GENERATE_INFOPLIST_FILE = YES;
				INFOPLIST_FILE = NewsApp/Resources/Info.plist;
				INFOPLIST_KEY_UIApplicationSupportsIndirectInputEvents = YES;
				INFOPLIST_KEY_UILaunchStoryboardName = LaunchScreen;
				INFOPLIST_KEY_UISupportedInterfaceOrientations_iPad = "UIInterfaceOrientationPortrait UIInterfaceOrientationPortraitUpsideDown UIInterfaceOrientationLandscapeLeft UIInterfaceOrientationLandscapeRight";
				INFOPLIST_KEY_UISupportedInterfaceOrientations_iPhone = "UIInterfaceOrientationPortrait UIInterfaceOrientationLandscapeLeft UIInterfaceOrientationLandscapeRight";
				LD_RUNPATH_SEARCH_PATHS = (
					"$(inherited)",
					"@executable_path/Frameworks",
				);
				MARKETING_VERSION = 1.0;
				PRODUCT_BUNDLE_IDENTIFIER = dev.atakanatalar.NewsApp;
				PRODUCT_NAME = "$(TARGET_NAME)";
				SWIFT_EMIT_LOC_STRINGS = YES;
				SWIFT_VERSION = 5.0;
				TARGETED_DEVICE_FAMILY = "1,2";
			};
			name = Release;
		};
/* End XCBuildConfiguration section */

/* Begin XCConfigurationList section */
		0CD5D3222CC25CD200172654 /* Build configuration list for PBXProject "NewsApp" */ = {
			isa = XCConfigurationList;
			buildConfigurations = (
				0CD5D3392CC25CD300172654 /* Debug */,
				0CD5D33A2CC25CD300172654 /* Release */,
			);
			defaultConfigurationIsVisible = 0;
			defaultConfigurationName = Release;
		};
		0CD5D33B2CC25CD300172654 /* Build configuration list for PBXNativeTarget "NewsApp" */ = {
			isa = XCConfigurationList;
			buildConfigurations = (
				0CD5D33C2CC25CD300172654 /* Debug */,
				0CD5D33D2CC25CD300172654 /* Release */,
			);
			defaultConfigurationIsVisible = 0;
			defaultConfigurationName = Release;
		};
/* End XCConfigurationList section */
	};
	rootObject = 0CD5D31F2CC25CD200172654 /* Project object */;
}
